
Microsoft Visual Studio Solution File, Format Version 12.00
# Visual Studio Version 17
VisualStudioVersion = 17.11.35312.102
MinimumVisualStudioVersion = 10.0.40219.1
Project("{9A19103F-16F7-4668-BE54-9A1E7A4F7556}") = "SAT.GA", "SAT.GA.csproj", "{0484C971-E838-4531-9A57-32663F65B50E}"
EndProject
Project("{FAE04EC0-301F-11D3-BF4B-00C04F79EFBC}") = "SAT.GA.Test", "..\SAT.GA.Test\SAT.GA.Test.csproj", "{4632EE62-6ADE-4E21-B076-01B2D445DC46}"
EndProject
Global
	GlobalSection(SolutionConfigurationPlatforms) = preSolution
		Debug|Any CPU = Debug|Any CPU
		Release|Any CPU = Release|Any CPU
	EndGlobalSection
	GlobalSection(ProjectConfigurationPlatforms) = postSolution
		{0484C971-E838-4531-9A57-32663F65B50E}.Debug|Any CPU.ActiveCfg = Debug|Any CPU
		{0484C971-E838-4531-9A57-32663F65B50E}.Debug|Any CPU.Build.0 = Debug|Any CPU
		{0484C971-E838-4531-9A57-32663F65B50E}.Release|Any CPU.ActiveCfg = Release|Any CPU
		{0484C971-E838-4531-9A57-32663F65B50E}.Release|Any CPU.Build.0 = Release|Any CPU
		{4632EE62-6ADE-4E21-B076-01B2D445DC46}.Debug|Any CPU.ActiveCfg = Debug|Any CPU
		{4632EE62-6ADE-4E21-B076-01B2D445DC46}.Debug|Any CPU.Build.0 = Debug|Any CPU
		{4632EE62-6ADE-4E21-B076-01B2D445DC46}.Release|Any CPU.ActiveCfg = Release|Any CPU
		{4632EE62-6ADE-4E21-B076-01B2D445DC46}.Release|Any CPU.Build.0 = Release|Any CPU
	EndGlobalSection
	GlobalSection(SolutionProperties) = preSolution
		HideSolutionNode = FALSE
	EndGlobalSection
	GlobalSection(ExtensibilityGlobals) = postSolution
		SolutionGuid = {3FB3B25C-A948-40DA-81B8-186CE5EFB42F}
	EndGlobalSection
EndGlobal
